
Microsoft Visual Studio Solution File, Format Version 12.00
# Visual Studio Version 17
VisualStudioVersion = 17.13.35919.96 d17.13
MinimumVisualStudioVersion = 10.0.40219.1
Project("{FAE04EC0-301F-11D3-BF4B-00C04F79EFBC}") = "PiccolaFabbricaImmaginaria", "PiccolaFabbricaImmaginaria\PiccolaFabbricaImmaginaria.csproj", "{00E0C106-17F3-4E9E-B095-885E7DB83CA3}"
EndProject
Global
	GlobalSection(SolutionConfigurationPlatforms) = preSolution
		Debug|Any CPU = Debug|Any CPU
		Release|Any CPU = Release|Any CPU
	EndGlobalSection
	GlobalSection(ProjectConfigurationPlatforms) = postSolution
		{00E0C106-17F3-4E9E-B095-885E7DB83CA3}.Debug|Any CPU.ActiveCfg = Debug|Any CPU
		{00E0C106-17F3-4E9E-B095-885E7DB83CA3}.Debug|Any CPU.Build.0 = Debug|Any CPU
		{00E0C106-17F3-4E9E-B095-885E7DB83CA3}.Release|Any CPU.ActiveCfg = Release|Any CPU
		{00E0C106-17F3-4E9E-B095-885E7DB83CA3}.Release|Any CPU.Build.0 = Release|Any CPU
	EndGlobalSection
	GlobalSection(SolutionProperties) = preSolution
		HideSolutionNode = FALSE
	EndGlobalSection
	GlobalSection(ExtensibilityGlobals) = postSolution
		SolutionGuid = {280884B7-76EF-4836-AEA4-710DCFE30CC1}
	EndGlobalSection
EndGlobal
